
Microsoft Visual Studio Solution File, Format Version 12.00
# Visual Studio Version 17
VisualStudioVersion = 17.13.35931.197 d17.13
MinimumVisualStudioVersion = 10.0.40219.1
Project("{FAE04EC0-301F-11D3-BF4B-00C04F79EFBC}") = "ReliveDebloat", "ReliveDebloat\ReliveDebloat.csproj", "{A0C744B7-34BE-438E-96ED-1415E34ED1BB}"
EndProject
Global
	GlobalSection(SolutionConfigurationPlatforms) = preSolution
		Debug|Any CPU = Debug|Any CPU
		Release|Any CPU = Release|Any CPU
	EndGlobalSection
	GlobalSection(ProjectConfigurationPlatforms) = postSolution
		{A0C744B7-34BE-438E-96ED-1415E34ED1BB}.Debug|Any CPU.ActiveCfg = Debug|Any CPU
		{A0C744B7-34BE-438E-96ED-1415E34ED1BB}.Debug|Any CPU.Build.0 = Debug|Any CPU
		{A0C744B7-34BE-438E-96ED-1415E34ED1BB}.Release|Any CPU.ActiveCfg = Release|Any CPU
		{A0C744B7-34BE-438E-96ED-1415E34ED1BB}.Release|Any CPU.Build.0 = Release|Any CPU
	EndGlobalSection
	GlobalSection(SolutionProperties) = preSolution
		HideSolutionNode = FALSE
	EndGlobalSection
	GlobalSection(ExtensibilityGlobals) = postSolution
		SolutionGuid = {0EC378B2-2665-443B-A0FC-935D7A4DB3CD}
	EndGlobalSection
EndGlobal
